
Microsoft Visual Studio Solution File, Format Version 12.00
# Visual Studio Version 17
VisualStudioVersion = 17.7.34031.279
MinimumVisualStudioVersion = 10.0.40219.1
Project("{9A19103F-16F7-4668-BE54-9A1E7A4F7556}") = "VigenereFileEncryptor", "VigenereFileEncryptor.csproj", "{07724C17-26E0-4117-A201-9F0F2192DE19}"
EndProject
Global
	GlobalSection(SolutionConfigurationPlatforms) = preSolution
		Debug|Any CPU = Debug|Any CPU
		Release|Any CPU = Release|Any CPU
	EndGlobalSection
	GlobalSection(ProjectConfigurationPlatforms) = postSolution
		{07724C17-26E0-4117-A201-9F0F2192DE19}.Debug|Any CPU.ActiveCfg = Debug|Any CPU
		{07724C17-26E0-4117-A201-9F0F2192DE19}.Debug|Any CPU.Build.0 = Debug|Any CPU
		{07724C17-26E0-4117-A201-9F0F2192DE19}.Release|Any CPU.ActiveCfg = Release|Any CPU
		{07724C17-26E0-4117-A201-9F0F2192DE19}.Release|Any CPU.Build.0 = Release|Any CPU
	EndGlobalSection
	GlobalSection(SolutionProperties) = preSolution
		HideSolutionNode = FALSE
	EndGlobalSection
	GlobalSection(ExtensibilityGlobals) = postSolution
		SolutionGuid = {83B1D358-D31F-42CE-AD01-332FA0F306D4}
	EndGlobalSection
EndGlobal
